
Microsoft Visual Studio Solution File, Format Version 12.00
# Visual Studio Version 16
VisualStudioVersion = 16.0.30717.126
MinimumVisualStudioVersion = 10.0.40219.1
Project("{FAE04EC0-301F-11D3-BF4B-00C04F79EFBC}") = "OnlineExam", "OnlineExam\OnlineExam.csproj", "{919E9307-8325-4573-8300-B5A2940F2C87}"
EndProject
Global
	GlobalSection(SolutionConfigurationPlatforms) = preSolution
		Debug|Any CPU = Debug|Any CPU
		Release|Any CPU = Release|Any CPU
	EndGlobalSection
	GlobalSection(ProjectConfigurationPlatforms) = postSolution
		{919E9307-8325-4573-8300-B5A2940F2C87}.Debug|Any CPU.ActiveCfg = Debug|Any CPU
		{919E9307-8325-4573-8300-B5A2940F2C87}.Debug|Any CPU.Build.0 = Debug|Any CPU
		{919E9307-8325-4573-8300-B5A2940F2C87}.Release|Any CPU.ActiveCfg = Release|Any CPU
		{919E9307-8325-4573-8300-B5A2940F2C87}.Release|Any CPU.Build.0 = Release|Any CPU
	EndGlobalSection
	GlobalSection(SolutionProperties) = preSolution
		HideSolutionNode = FALSE
	EndGlobalSection
	GlobalSection(ExtensibilityGlobals) = postSolution
		SolutionGuid = {65F8D739-7B5E-466E-ACD6-6880A928D1CA}
	EndGlobalSection
EndGlobal
